
Microsoft Visual Studio Solution File, Format Version 12.00
# Visual Studio Version 17
VisualStudioVersion = 17.5.33502.453
MinimumVisualStudioVersion = 10.0.40219.1
Project("{FAE04EC0-301F-11D3-BF4B-00C04F79EFBC}") = "TemplateGenerator", "src\TemplateGenerator\TemplateGenerator.csproj", "{B6AEE0D4-6461-4C02-9FCD-A7F97AB09C8A}"
EndProject
Global
	GlobalSection(SolutionConfigurationPlatforms) = preSolution
		Debug|Any CPU = Debug|Any CPU
		Debug|ARM = Debug|ARM
		Debug|ARM64 = Debug|ARM64
		Debug|x64 = Debug|x64
		Debug|x86 = Debug|x86
		Release|Any CPU = Release|Any CPU
		Release|ARM = Release|ARM
		Release|ARM64 = Release|ARM64
		Release|x64 = Release|x64
		Release|x86 = Release|x86
	EndGlobalSection
	GlobalSection(ProjectConfigurationPlatforms) = postSolution
		{B6AEE0D4-6461-4C02-9FCD-A7F97AB09C8A}.Debug|Any CPU.ActiveCfg = Debug|Any CPU
		{B6AEE0D4-6461-4C02-9FCD-A7F97AB09C8A}.Debug|Any CPU.Build.0 = Debug|Any CPU
		{B6AEE0D4-6461-4C02-9FCD-A7F97AB09C8A}.Debug|ARM.ActiveCfg = Debug|Any CPU
		{B6AEE0D4-6461-4C02-9FCD-A7F97AB09C8A}.Debug|ARM.Build.0 = Debug|Any CPU
		{B6AEE0D4-6461-4C02-9FCD-A7F97AB09C8A}.Debug|ARM64.ActiveCfg = Debug|Any CPU
		{B6AEE0D4-6461-4C02-9FCD-A7F97AB09C8A}.Debug|ARM64.Build.0 = Debug|Any CPU
		{B6AEE0D4-6461-4C02-9FCD-A7F97AB09C8A}.Debug|x64.ActiveCfg = Debug|Any CPU
		{B6AEE0D4-6461-4C02-9FCD-A7F97AB09C8A}.Debug|x64.Build.0 = Debug|Any CPU
		{B6AEE0D4-6461-4C02-9FCD-A7F97AB09C8A}.Debug|x86.ActiveCfg = Debug|Any CPU
		{B6AEE0D4-6461-4C02-9FCD-A7F97AB09C8A}.Debug|x86.Build.0 = Debug|Any CPU
		{B6AEE0D4-6461-4C02-9FCD-A7F97AB09C8A}.Release|Any CPU.ActiveCfg = Release|Any CPU
		{B6AEE0D4-6461-4C02-9FCD-A7F97AB09C8A}.Release|Any CPU.Build.0 = Release|Any CPU
		{B6AEE0D4-6461-4C02-9FCD-A7F97AB09C8A}.Release|ARM.ActiveCfg = Release|Any CPU
		{B6AEE0D4-6461-4C02-9FCD-A7F97AB09C8A}.Release|ARM.Build.0 = Release|Any CPU
		{B6AEE0D4-6461-4C02-9FCD-A7F97AB09C8A}.Release|ARM64.ActiveCfg = Release|Any CPU
		{B6AEE0D4-6461-4C02-9FCD-A7F97AB09C8A}.Release|ARM64.Build.0 = Release|Any CPU
		{B6AEE0D4-6461-4C02-9FCD-A7F97AB09C8A}.Release|x64.ActiveCfg = Release|Any CPU
		{B6AEE0D4-6461-4C02-9FCD-A7F97AB09C8A}.Release|x64.Build.0 = Release|Any CPU
		{B6AEE0D4-6461-4C02-9FCD-A7F97AB09C8A}.Release|x86.ActiveCfg = Release|Any CPU
		{B6AEE0D4-6461-4C02-9FCD-A7F97AB09C8A}.Release|x86.Build.0 = Release|Any CPU
	EndGlobalSection
	GlobalSection(SolutionProperties) = preSolution
		HideSolutionNode = FALSE
	EndGlobalSection
	GlobalSection(ExtensibilityGlobals) = postSolution
		SolutionGuid = {590AB4B0-779E-4D61-B10F-11AE2E60BC77}
	EndGlobalSection
EndGlobal
